
Microsoft Visual Studio Solution File, Format Version 12.00
# Visual Studio Version 16
VisualStudioVersion = 16.0.30907.101
MinimumVisualStudioVersion = 10.0.40219.1
Project("{FAE04EC0-301F-11D3-BF4B-00C04F79EFBC}") = "DataAccess", "DataAccess\DataAccess.csproj", "{76193DF0-2B62-420F-956A-FA756F6924C4}"
EndProject
Project("{FAE04EC0-301F-11D3-BF4B-00C04F79EFBC}") = "Business", "Business\Business.csproj", "{4D7F1E99-E047-40FC-A34B-4E6C64BF10DD}"
EndProject
Project("{FAE04EC0-301F-11D3-BF4B-00C04F79EFBC}") = "Entities", "Entities\Entities.csproj", "{7FF51D2E-9BE8-4A06-8786-6AE2287485AA}"
EndProject
Project("{FAE04EC0-301F-11D3-BF4B-00C04F79EFBC}") = "ConsoleUI", "ConsoleUI\ConsoleUI.csproj", "{98EDFD1F-015B-4F2C-8530-64B36E2EA5BF}"
EndProject
Global
	GlobalSection(SolutionConfigurationPlatforms) = preSolution
		Debug|Any CPU = Debug|Any CPU
		Release|Any CPU = Release|Any CPU
	EndGlobalSection
	GlobalSection(ProjectConfigurationPlatforms) = postSolution
		{76193DF0-2B62-420F-956A-FA756F6924C4}.Debug|Any CPU.ActiveCfg = Debug|Any CPU
		{76193DF0-2B62-420F-956A-FA756F6924C4}.Debug|Any CPU.Build.0 = Debug|Any CPU
		{76193DF0-2B62-420F-956A-FA756F6924C4}.Release|Any CPU.ActiveCfg = Release|Any CPU
		{76193DF0-2B62-420F-956A-FA756F6924C4}.Release|Any CPU.Build.0 = Release|Any CPU
		{4D7F1E99-E047-40FC-A34B-4E6C64BF10DD}.Debug|Any CPU.ActiveCfg = Debug|Any CPU
		{4D7F1E99-E047-40FC-A34B-4E6C64BF10DD}.Debug|Any CPU.Build.0 = Debug|Any CPU
		{4D7F1E99-E047-40FC-A34B-4E6C64BF10DD}.Release|Any CPU.ActiveCfg = Release|Any CPU
		{4D7F1E99-E047-40FC-A34B-4E6C64BF10DD}.Release|Any CPU.Build.0 = Release|Any CPU
		{7FF51D2E-9BE8-4A06-8786-6AE2287485AA}.Debug|Any CPU.ActiveCfg = Debug|Any CPU
		{7FF51D2E-9BE8-4A06-8786-6AE2287485AA}.Debug|Any CPU.Build.0 = Debug|Any CPU
		{7FF51D2E-9BE8-4A06-8786-6AE2287485AA}.Release|Any CPU.ActiveCfg = Release|Any CPU
		{7FF51D2E-9BE8-4A06-8786-6AE2287485AA}.Release|Any CPU.Build.0 = Release|Any CPU
		{98EDFD1F-015B-4F2C-8530-64B36E2EA5BF}.Debug|Any CPU.ActiveCfg = Debug|Any CPU
		{98EDFD1F-015B-4F2C-8530-64B36E2EA5BF}.Debug|Any CPU.Build.0 = Debug|Any CPU
		{98EDFD1F-015B-4F2C-8530-64B36E2EA5BF}.Release|Any CPU.ActiveCfg = Release|Any CPU
		{98EDFD1F-015B-4F2C-8530-64B36E2EA5BF}.Release|Any CPU.Build.0 = Release|Any CPU
	EndGlobalSection
	GlobalSection(SolutionProperties) = preSolution
		HideSolutionNode = FALSE
	EndGlobalSection
	GlobalSection(ExtensibilityGlobals) = postSolution
		SolutionGuid = {4E00C016-649E-4B03-9F89-C0B9D0C15395}
	EndGlobalSection
EndGlobal
